
Microsoft Visual Studio Solution File, Format Version 12.00
# Visual Studio Version 16
VisualStudioVersion = 16.0.29609.76
MinimumVisualStudioVersion = 10.0.40219.1
Project("{888888A0-9F3D-457C-B088-3A5042F75D52}") = "snake", "snake\snake.pyproj", "{CC84BAB2-C081-480C-8D5D-6B3BC95F4587}"
EndProject
Global
	GlobalSection(SolutionConfigurationPlatforms) = preSolution
		Debug|Any CPU = Debug|Any CPU
		Release|Any CPU = Release|Any CPU
	EndGlobalSection
	GlobalSection(ProjectConfigurationPlatforms) = postSolution
		{CC84BAB2-C081-480C-8D5D-6B3BC95F4587}.Debug|Any CPU.ActiveCfg = Debug|Any CPU
		{CC84BAB2-C081-480C-8D5D-6B3BC95F4587}.Release|Any CPU.ActiveCfg = Release|Any CPU
	EndGlobalSection
	GlobalSection(SolutionProperties) = preSolution
		HideSolutionNode = FALSE
	EndGlobalSection
	GlobalSection(ExtensibilityGlobals) = postSolution
		SolutionGuid = {0604620B-EBB8-4BBB-99D1-F5B2ED2E6ECE}
	EndGlobalSection
EndGlobal
